
Microsoft Visual Studio Solution File, Format Version 12.00
# Visual Studio Version 16
VisualStudioVersion = 16.0.32802.440
MinimumVisualStudioVersion = 10.0.40219.1
Project("{FAE04EC0-301F-11D3-BF4B-00C04F79EFBC}") = "WebAPI", "WebAPI\WebAPI.csproj", "{FF6AF62F-E94A-4E50-97BB-263D433D0510}"
EndProject
Global
	GlobalSection(SolutionConfigurationPlatforms) = preSolution
		Debug|Any CPU = Debug|Any CPU
		Release|Any CPU = Release|Any CPU
	EndGlobalSection
	GlobalSection(ProjectConfigurationPlatforms) = postSolution
		{FF6AF62F-E94A-4E50-97BB-263D433D0510}.Debug|Any CPU.ActiveCfg = Debug|Any CPU
		{FF6AF62F-E94A-4E50-97BB-263D433D0510}.Debug|Any CPU.Build.0 = Debug|Any CPU
		{FF6AF62F-E94A-4E50-97BB-263D433D0510}.Release|Any CPU.ActiveCfg = Release|Any CPU
		{FF6AF62F-E94A-4E50-97BB-263D433D0510}.Release|Any CPU.Build.0 = Release|Any CPU
	EndGlobalSection
	GlobalSection(SolutionProperties) = preSolution
		HideSolutionNode = FALSE
	EndGlobalSection
	GlobalSection(ExtensibilityGlobals) = postSolution
		SolutionGuid = {A07E7BCC-C6C1-472D-ACD1-85E72558D20A}
	EndGlobalSection
EndGlobal
